
Microsoft Visual Studio Solution File, Format Version 12.00
# Visual Studio Version 17
VisualStudioVersion = 17.5.002.0
MinimumVisualStudioVersion = 10.0.40219.1
Project("{2150E333-8FDC-42A3-9474-1A3956D46DE8}") = "src", "src", "{92B7276D-1C85-470B-9FD9-767020D0F390}"
EndProject
Project("{9A19103F-16F7-4668-BE54-9A1E7A4F7556}") = "NetGameState", "src\NetGameState\NetGameState.csproj", "{1E8EA51D-0EC9-4D5A-98AD-173701A4D748}"
EndProject
Global
	GlobalSection(SolutionConfigurationPlatforms) = preSolution
		Debug|Any CPU = Debug|Any CPU
		Release|Any CPU = Release|Any CPU
	EndGlobalSection
	GlobalSection(ProjectConfigurationPlatforms) = postSolution
		{1E8EA51D-0EC9-4D5A-98AD-173701A4D748}.Debug|Any CPU.ActiveCfg = Debug|Any CPU
		{1E8EA51D-0EC9-4D5A-98AD-173701A4D748}.Debug|Any CPU.Build.0 = Debug|Any CPU
		{1E8EA51D-0EC9-4D5A-98AD-173701A4D748}.Release|Any CPU.ActiveCfg = Release|Any CPU
		{1E8EA51D-0EC9-4D5A-98AD-173701A4D748}.Release|Any CPU.Build.0 = Release|Any CPU
	EndGlobalSection
	GlobalSection(SolutionProperties) = preSolution
		HideSolutionNode = FALSE
	EndGlobalSection
	GlobalSection(NestedProjects) = preSolution
		{1E8EA51D-0EC9-4D5A-98AD-173701A4D748} = {92B7276D-1C85-470B-9FD9-767020D0F390}
	EndGlobalSection
	GlobalSection(ExtensibilityGlobals) = postSolution
		SolutionGuid = {92F6D475-68F0-44D6-A1AF-A28F5948E381}
	EndGlobalSection
EndGlobal
